
Microsoft Visual Studio Solution File, Format Version 12.00
# Visual Studio Version 16
VisualStudioVersion = 16.0.29613.14
MinimumVisualStudioVersion = 10.0.40219.1
Project("{FAE04EC0-301F-11D3-BF4B-00C04F79EFBC}") = "Jux.Android", "Jux\Jux.Android\Jux.Android.csproj", "{782F0234-8BC5-41D1-A5CB-E4D6AF696918}"
EndProject
Project("{FAE04EC0-301F-11D3-BF4B-00C04F79EFBC}") = "Jux", "Jux\Jux\Jux.csproj", "{5D10231C-CBF3-4702-9D77-D85E9750444F}"
EndProject
Global
	GlobalSection(SolutionConfigurationPlatforms) = preSolution
		Debug|Any CPU = Debug|Any CPU
		Release|Any CPU = Release|Any CPU
	EndGlobalSection
	GlobalSection(ProjectConfigurationPlatforms) = postSolution
		{782F0234-8BC5-41D1-A5CB-E4D6AF696918}.Debug|Any CPU.ActiveCfg = Debug|Any CPU
		{782F0234-8BC5-41D1-A5CB-E4D6AF696918}.Debug|Any CPU.Build.0 = Debug|Any CPU
		{782F0234-8BC5-41D1-A5CB-E4D6AF696918}.Debug|Any CPU.Deploy.0 = Debug|Any CPU
		{782F0234-8BC5-41D1-A5CB-E4D6AF696918}.Release|Any CPU.ActiveCfg = Release|Any CPU
		{782F0234-8BC5-41D1-A5CB-E4D6AF696918}.Release|Any CPU.Build.0 = Release|Any CPU
		{782F0234-8BC5-41D1-A5CB-E4D6AF696918}.Release|Any CPU.Deploy.0 = Release|Any CPU
		{5D10231C-CBF3-4702-9D77-D85E9750444F}.Debug|Any CPU.ActiveCfg = Debug|Any CPU
		{5D10231C-CBF3-4702-9D77-D85E9750444F}.Debug|Any CPU.Build.0 = Debug|Any CPU
		{5D10231C-CBF3-4702-9D77-D85E9750444F}.Debug|Any CPU.Deploy.0 = Debug|Any CPU
		{5D10231C-CBF3-4702-9D77-D85E9750444F}.Release|Any CPU.ActiveCfg = Release|Any CPU
		{5D10231C-CBF3-4702-9D77-D85E9750444F}.Release|Any CPU.Build.0 = Release|Any CPU
		{5D10231C-CBF3-4702-9D77-D85E9750444F}.Release|Any CPU.Deploy.0 = Release|Any CPU
	EndGlobalSection
	GlobalSection(SolutionProperties) = preSolution
		HideSolutionNode = FALSE
	EndGlobalSection
	GlobalSection(ExtensibilityGlobals) = postSolution
		SolutionGuid = {61CE9E3F-E014-42E7-96A6-6048C4E3F8DE}
	EndGlobalSection
EndGlobal
